bazil.org/fuse v0.0.0-20160811212531-371fbbdaa898/go.mod h1:Xbm+BRKSBEpa4q4hTSxohYNQpsxXPbPry4JJWOB3LB8=
cloud.google.com/go v0.26.0/go.mod h1:aQUYkXzVsufM+DwF1aE+0xfcU+56JwCaLick0ClmMTw=
cloud.google.com/go v0.34.0/go.mod h1:aQUYkXzVsufM+DwF1aE+0xfcU+56JwCaLick0ClmMTw=
cloud.google.com/go v0.38.0/go.mod h1:990N+gfupTy94rShfmMCWGDn0LpTmnzTp2qbd1dvSRU=
cloud.google.com/go v0.44.1/go.mod h1:iSa0KzasP4Uvy3f1mN/7PiObzGgflwredwwASm/v6AU=
cloud.google.com/go v0.44.2/go.mod h1:60680Gw3Yr4ikxnPRS/oxxkBccT6SA1yMk63TGekxKY=
cloud.google.com/go v0.45.1/go.mod h1:RpBamKRgapWJb87xiFSdk4g1CME7QZg3uwTez+TSTjc=
cloud.google.com/go v0.46.3/go.mod h1:a6bKKbmY7er1mI7TEI4lsAkts/mkhTSZK8w33B4RAg0=
cloud.google.com/go v0.50.0/go.mod h1:r9sluTvynVuxRIOHXQEHMFffphuXHOMZMycpNR5e6To=
cloud.google.com/go v0.52.0/go.mod h1:pXajvRH/6o3+F9jDHZWQ5PbGhn+o8w9qiu/CffaVdO4=
cloud.google.com/go v0.53.0/go.mod h1:fp/UouUEsRkN6ryDKNW/Upv/JBKnv6WDthjR6+vze6M=
cloud.google.com/go v0.54.0/go.mod h1:1rq2OEkV3YMf6n/9ZvGWI3GWw0VoqH/1x2nd8Is/bPc=
cloud.google.com/go v0.56.0/go.mod h1:jr7tqZxxKOVYizybht9+26Z/gUq7tiRzu+ACVAMbKVk=
k8s.io/cri-api v0.17.3/go.mod h1:X1sbHmuXhwaHs9xxYffLqJogVsnI+f6cPRcgPel7ywM=
rsc.io/sampler v1.3.0/go.mod h1:T1hPZKmBbMNahiBKFy5HrXp6adAjACjK9JXDnKaTXpA=
sigs.k8s.io/apiserver-network-proxy/konnectivity-client v0.0.14/go.mod h1:LEScyzhFmoF5pso/YSeBstl57mOzx9xlU9n85RGrDQg=
sigs.k8s.io/apiserver-network-proxy/konnectivity-client v0.0.15/go.mod h1:LEScyzhFmoF5pso/YSeBstl57mOzx9xlU9n85RGrDQg=
sigs.k8s.io/structured-merge-diff/v4 v4.0.2/go.mod h1:bJZC9H9iH24zzfZ/41RGcq60oK1F7G282QMXDPYydCw=
sigs.k8s.io/structured-merge-diff/v4 v4.0.3/go.mod h1:bJZC9H9iH24zzfZ/41RGcq60oK1F7G282QMXDPYydCw=
sigs.k8s.io/yaml v1.1.0/go.mod h1:UJmg0vDUVViEyp3mgSv9WPwZCDxu4rQW1olrI1uml+o=
sigs.k8s.io/yaml v1.2.0/go.mod h1:yfXDCHCao9+ENCvLSE62v9VSji2MKu5jeNfTrofGhJc=
